
Microsoft Visual Studio Solution File, Format Version 12.00
# Visual Studio 15
VisualStudioVersion = 15.0.28307.960
MinimumVisualStudioVersion = 10.0.40219.1
Project("{FAE04EC0-301F-11D3-BF4B-00C04F79EFBC}") = "Mars", "Mars\Mars.csproj", "{619DCEF9-A7F0-4B31-9ACF-93448C71B79D}"
EndProject
Global
	GlobalSection(SolutionConfigurationPlatforms) = preSolution
		Debug|Any CPU = Debug|Any CPU
		Release|Any CPU = Release|Any CPU
	EndGlobalSection
	GlobalSection(ProjectConfigurationPlatforms) = postSolution
		{619DCEF9-A7F0-4B31-9ACF-93448C71B79D}.Debug|Any CPU.ActiveCfg = Debug|Any CPU
		{619DCEF9-A7F0-4B31-9ACF-93448C71B79D}.Debug|Any CPU.Build.0 = Debug|Any CPU
		{619DCEF9-A7F0-4B31-9ACF-93448C71B79D}.Release|Any CPU.ActiveCfg = Release|Any CPU
		{619DCEF9-A7F0-4B31-9ACF-93448C71B79D}.Release|Any CPU.Build.0 = Release|Any CPU
	EndGlobalSection
	GlobalSection(SolutionProperties) = preSolution
		HideSolutionNode = FALSE
	EndGlobalSection
	GlobalSection(ExtensibilityGlobals) = postSolution
		SolutionGuid = {40F277A2-9284-4CF0-8B21-F8C00B5182B6}
	EndGlobalSection
EndGlobal
