
Microsoft Visual Studio Solution File, Format Version 12.00
# Visual Studio 15
VisualStudioVersion = 15.0.28307.960
MinimumVisualStudioVersion = 10.0.40219.1
Project("{FAE04EC0-301F-11D3-BF4B-00C04F79EFBC}") = "Fence", "Fence\Fence.csproj", "{44A18A90-E0F5-4143-A30B-3CDA2F4CE843}"
EndProject
Global
	GlobalSection(SolutionConfigurationPlatforms) = preSolution
		Debug|Any CPU = Debug|Any CPU
		Release|Any CPU = Release|Any CPU
	EndGlobalSection
	GlobalSection(ProjectConfigurationPlatforms) = postSolution
		{44A18A90-E0F5-4143-A30B-3CDA2F4CE843}.Debug|Any CPU.ActiveCfg = Debug|Any CPU
		{44A18A90-E0F5-4143-A30B-3CDA2F4CE843}.Debug|Any CPU.Build.0 = Debug|Any CPU
		{44A18A90-E0F5-4143-A30B-3CDA2F4CE843}.Release|Any CPU.ActiveCfg = Release|Any CPU
		{44A18A90-E0F5-4143-A30B-3CDA2F4CE843}.Release|Any CPU.Build.0 = Release|Any CPU
	EndGlobalSection
	GlobalSection(SolutionProperties) = preSolution
		HideSolutionNode = FALSE
	EndGlobalSection
	GlobalSection(ExtensibilityGlobals) = postSolution
		SolutionGuid = {DEADA768-8EB9-4DEC-ADAB-ED5B61A6DFF0}
	EndGlobalSection
EndGlobal
