
Microsoft Visual Studio Solution File, Format Version 12.00
# Visual Studio 15
VisualStudioVersion = 15.0.28307.960
MinimumVisualStudioVersion = 10.0.40219.1
Project("{FAE04EC0-301F-11D3-BF4B-00C04F79EFBC}") = "UnluckyTicket", "UnluckyTicket\UnluckyTicket.csproj", "{7CF590BB-AD8D-4F77-A942-96C873EA0BAA}"
EndProject
Global
	GlobalSection(SolutionConfigurationPlatforms) = preSolution
		Debug|Any CPU = Debug|Any CPU
		Release|Any CPU = Release|Any CPU
	EndGlobalSection
	GlobalSection(ProjectConfigurationPlatforms) = postSolution
		{7CF590BB-AD8D-4F77-A942-96C873EA0BAA}.Debug|Any CPU.ActiveCfg = Debug|Any CPU
		{7CF590BB-AD8D-4F77-A942-96C873EA0BAA}.Debug|Any CPU.Build.0 = Debug|Any CPU
		{7CF590BB-AD8D-4F77-A942-96C873EA0BAA}.Release|Any CPU.ActiveCfg = Release|Any CPU
		{7CF590BB-AD8D-4F77-A942-96C873EA0BAA}.Release|Any CPU.Build.0 = Release|Any CPU
	EndGlobalSection
	GlobalSection(SolutionProperties) = preSolution
		HideSolutionNode = FALSE
	EndGlobalSection
	GlobalSection(ExtensibilityGlobals) = postSolution
		SolutionGuid = {44F95A21-C701-4741-B571-E8E74F75B846}
	EndGlobalSection
EndGlobal
